
Microsoft Visual Studio Solution File, Format Version 12.00
# Visual Studio 14
VisualStudioVersion = 14.0.25420.1
MinimumVisualStudioVersion = 10.0.40219.1
Project("{FAE04EC0-301F-11D3-BF4B-00C04F79EFBC}") = "HelloWorld", "HelloWorld\HelloWorld.csproj", "{E0C5EC58-71BD-46BF-98F6-565C7C62958A}"
EndProject
Project("{FAE04EC0-301F-11D3-BF4B-00C04F79EFBC}") = "HelloWorld.Tests", "HelloWorld.Tests\HelloWorld.Tests.csproj", "{00E0E31A-3E67-48DF-8CE4-B21E2FF62266}"
EndProject
Global
	GlobalSection(SolutionConfigurationPlatforms) = preSolution
		Debug|Any CPU = Debug|Any CPU
		Release|Any CPU = Release|Any CPU
	EndGlobalSection
	GlobalSection(ProjectConfigurationPlatforms) = postSolution
		{E0C5EC58-71BD-46BF-98F6-565C7C62958A}.Debug|Any CPU.ActiveCfg = Debug|Any CPU
		{E0C5EC58-71BD-46BF-98F6-565C7C62958A}.Debug|Any CPU.Build.0 = Debug|Any CPU
		{E0C5EC58-71BD-46BF-98F6-565C7C62958A}.Release|Any CPU.ActiveCfg = Release|Any CPU
		{E0C5EC58-71BD-46BF-98F6-565C7C62958A}.Release|Any CPU.Build.0 = Release|Any CPU
		{00E0E31A-3E67-48DF-8CE4-B21E2FF62266}.Debug|Any CPU.ActiveCfg = Debug|Any CPU
		{00E0E31A-3E67-48DF-8CE4-B21E2FF62266}.Debug|Any CPU.Build.0 = Debug|Any CPU
		{00E0E31A-3E67-48DF-8CE4-B21E2FF62266}.Release|Any CPU.ActiveCfg = Release|Any CPU
		{00E0E31A-3E67-48DF-8CE4-B21E2FF62266}.Release|Any CPU.Build.0 = Release|Any CPU
	EndGlobalSection
	GlobalSection(SolutionProperties) = preSolution
		HideSolutionNode = FALSE
	EndGlobalSection
EndGlobal
